
Microsoft Visual Studio Solution File, Format Version 11.00
# Visual Studio 2010
Project("{FAE04EC0-301F-11D3-BF4B-00C04F79EFBC}") = "CUS.ICS.Handbook", "CUS.ICS.HandbookPortlet\CUS.ICS.Handbook.csproj", "{8FDD474C-DAA0-4E2E-BFBA-989043947D67}"
EndProject
Project("{2150E333-8FDC-42A3-9474-1A3956D46DE8}") = "Additional", "Additional", "{A28F6C84-A7A0-47BF-B0FA-C5C7B1F017C2}"
	ProjectSection(SolutionItems) = preProject
		Handbook.ldf = Handbook.ldf
	EndProjectSection
EndProject
Global
	GlobalSection(SolutionConfigurationPlatforms) = preSolution
		Debug|Any CPU = Debug|Any CPU
		Interim|Any CPU = Interim|Any CPU
		Release|Any CPU = Release|Any CPU
	EndGlobalSection
	GlobalSection(ProjectConfigurationPlatforms) = postSolution
		{8FDD474C-DAA0-4E2E-BFBA-989043947D67}.Debug|Any CPU.ActiveCfg = Debug|Any CPU
		{8FDD474C-DAA0-4E2E-BFBA-989043947D67}.Debug|Any CPU.Build.0 = Debug|Any CPU
		{8FDD474C-DAA0-4E2E-BFBA-989043947D67}.Interim|Any CPU.ActiveCfg = Interim|Any CPU
		{8FDD474C-DAA0-4E2E-BFBA-989043947D67}.Interim|Any CPU.Build.0 = Interim|Any CPU
		{8FDD474C-DAA0-4E2E-BFBA-989043947D67}.Release|Any CPU.ActiveCfg = Release|Any CPU
		{8FDD474C-DAA0-4E2E-BFBA-989043947D67}.Release|Any CPU.Build.0 = Release|Any CPU
	EndGlobalSection
	GlobalSection(SolutionProperties) = preSolution
		HideSolutionNode = FALSE
	EndGlobalSection
EndGlobal
